# THIS IS AN AUTOGENERATED FILE. DO NOT EDIT THIS FILE DIRECTLY.
# yarn lockfile v1


react-native-svg@^9.3.6:
  version "9.3.6"
  resolved "https://registry.yarnpkg.com/react-native-svg/-/react-native-svg-9.3.6.tgz#99361aa98aabad0d538f63e7096456cf54f48e2c"

svg-path-properties@^0.4.1:
  version "0.4.8"
  resolved "https://registry.yarnpkg.com/svg-path-properties/-/svg-path-properties-0.4.8.tgz#376a833e4bfdc414045532f4d2ee3c79ea0b998d"
